
Microsoft Visual Studio Solution File, Format Version 12.00
# Visual Studio Version 17
VisualStudioVersion = 17.9.34607.119
MinimumVisualStudioVersion = 10.0.40219.1
Project("{9A19103F-16F7-4668-BE54-9A1E7A4F7556}") = "Tests.Extensions.DependencyInjection", "Tests.Extensions.DependencyInjection\Tests.Extensions.DependencyInjection.csproj", "{50286F54-C723-471D-8CFF-016865823DC5}"
EndProject
Project("{9A19103F-16F7-4668-BE54-9A1E7A4F7556}") = "Bytz.Extensions.DependencyInjection", "Bytz.Extensions.DependencyInjection\Bytz.Extensions.DependencyInjection.csproj", "{9A452DEC-27FD-45BC-93DE-9138C969659D}"
EndProject
Project("{FAE04EC0-301F-11D3-BF4B-00C04F79EFBC}") = "Examples.Extensions.DependencyInjection", "Examples.Extensions.DependencyInjection\Examples.Extensions.DependencyInjection.csproj", "{93AF44C7-B6B7-457F-BA11-0E5158F0B0D0}"
EndProject
Global
	GlobalSection(SolutionConfigurationPlatforms) = preSolution
		Debug|Any CPU = Debug|Any CPU
		Release|Any CPU = Release|Any CPU
	EndGlobalSection
	GlobalSection(ProjectConfigurationPlatforms) = postSolution
		{50286F54-C723-471D-8CFF-016865823DC5}.Debug|Any CPU.ActiveCfg = Debug|Any CPU
		{50286F54-C723-471D-8CFF-016865823DC5}.Debug|Any CPU.Build.0 = Debug|Any CPU
		{50286F54-C723-471D-8CFF-016865823DC5}.Release|Any CPU.ActiveCfg = Release|Any CPU
		{50286F54-C723-471D-8CFF-016865823DC5}.Release|Any CPU.Build.0 = Release|Any CPU
		{9A452DEC-27FD-45BC-93DE-9138C969659D}.Debug|Any CPU.ActiveCfg = Debug|Any CPU
		{9A452DEC-27FD-45BC-93DE-9138C969659D}.Debug|Any CPU.Build.0 = Debug|Any CPU
		{9A452DEC-27FD-45BC-93DE-9138C969659D}.Release|Any CPU.ActiveCfg = Release|Any CPU
		{9A452DEC-27FD-45BC-93DE-9138C969659D}.Release|Any CPU.Build.0 = Release|Any CPU
		{93AF44C7-B6B7-457F-BA11-0E5158F0B0D0}.Debug|Any CPU.ActiveCfg = Debug|Any CPU
		{93AF44C7-B6B7-457F-BA11-0E5158F0B0D0}.Debug|Any CPU.Build.0 = Debug|Any CPU
		{93AF44C7-B6B7-457F-BA11-0E5158F0B0D0}.Release|Any CPU.ActiveCfg = Release|Any CPU
		{93AF44C7-B6B7-457F-BA11-0E5158F0B0D0}.Release|Any CPU.Build.0 = Release|Any CPU
	EndGlobalSection
	GlobalSection(SolutionProperties) = preSolution
		HideSolutionNode = FALSE
	EndGlobalSection
	GlobalSection(ExtensibilityGlobals) = postSolution
		SolutionGuid = {7B28043C-8234-4982-9C76-5F85F8711668}
	EndGlobalSection
	GlobalSection(TeamFoundationVersionControl) = preSolution
		SccNumberOfProjects = 4
		SccEnterpriseProvider = {4CA58AB2-18FA-4F8D-95D4-32DDF27D184C}
		SccTeamFoundationServer = http://hephaestus/bytz
		SccLocalPath0 = .
		SccProjectUniqueName1 = Tests.Extensions.DependencyInjection\\Tests.Extensions.DependencyInjection.csproj
		SccProjectName1 = Tests.Extensions.DependencyInjection
		SccLocalPath1 = Tests.Extensions.DependencyInjection
		SccProjectUniqueName2 = Bytz.Extensions.DependencyInjection\\Bytz.Extensions.DependencyInjection.csproj
		SccProjectName2 = Bytz.Extensions.DependencyInjection
		SccLocalPath2 = Bytz.Extensions.DependencyInjection
		SccProjectUniqueName3 = Examples.Extensions.DependencyInjection\\Examples.Extensions.DependencyInjection.csproj
		SccProjectName3 = Examples.Extensions.DependencyInjection
		SccLocalPath3 = Examples.Extensions.DependencyInjection
	EndGlobalSection
EndGlobal
