
Microsoft Visual Studio Solution File, Format Version 12.00
# Visual Studio Version 17
VisualStudioVersion = 17.9.34607.119
MinimumVisualStudioVersion = 10.0.40219.1
Project("{9A19103F-16F7-4668-BE54-9A1E7A4F7556}") = "Tests.Extensions.DependencyInjection", "Tests.Extensions.DependencyInjection\Tests.Extensions.DependencyInjection.csproj", "{50286F54-C723-471D-8CFF-016865823DC5}"
EndProject
Project("{9A19103F-16F7-4668-BE54-9A1E7A4F7556}") = "Bytz.Extensions.DependencyInjection", "Bytz.Extensions.DependencyInjection\Bytz.Extensions.DependencyInjection.csproj", "{9A452DEC-27FD-45BC-93DE-9138C969659D}"
EndProject
Project("{9A19103F-16F7-4668-BE54-9A1E7A4F7556}") = "Examples.Extensions.DependencyInjection", "Examples.Extensions.DependencyInjection\Examples.Extensions.DependencyInjection.csproj", "{93AF44C7-B6B7-457F-BA11-0E5158F0B0D0}"
EndProject
Project("{9A19103F-16F7-4668-BE54-9A1E7A4F7556}") = "Bytz.Extensions.DependencyInjection.Moq", "Bytz.Extensions.DependencyInjection.Moq\Bytz.Extensions.DependencyInjection.Moq.csproj", "{B7BFBAA2-E898-43F8-8F19-4173386A9701}"
EndProject
Global
	GlobalSection(SolutionConfigurationPlatforms) = preSolution
		Debug|Any CPU = Debug|Any CPU
		Release|Any CPU = Release|Any CPU
	EndGlobalSection
	GlobalSection(ProjectConfigurationPlatforms) = postSolution
		{50286F54-C723-471D-8CFF-016865823DC5}.Debug|Any CPU.ActiveCfg = Debug|Any CPU
		{50286F54-C723-471D-8CFF-016865823DC5}.Debug|Any CPU.Build.0 = Debug|Any CPU
		{50286F54-C723-471D-8CFF-016865823DC5}.Release|Any CPU.ActiveCfg = Release|Any CPU
		{50286F54-C723-471D-8CFF-016865823DC5}.Release|Any CPU.Build.0 = Release|Any CPU
		{9A452DEC-27FD-45BC-93DE-9138C969659D}.Debug|Any CPU.ActiveCfg = Debug|Any CPU
		{9A452DEC-27FD-45BC-93DE-9138C969659D}.Debug|Any CPU.Build.0 = Debug|Any CPU
		{9A452DEC-27FD-45BC-93DE-9138C969659D}.Release|Any CPU.ActiveCfg = Release|Any CPU
		{9A452DEC-27FD-45BC-93DE-9138C969659D}.Release|Any CPU.Build.0 = Release|Any CPU
		{93AF44C7-B6B7-457F-BA11-0E5158F0B0D0}.Debug|Any CPU.ActiveCfg = Debug|Any CPU
		{93AF44C7-B6B7-457F-BA11-0E5158F0B0D0}.Debug|Any CPU.Build.0 = Debug|Any CPU
		{93AF44C7-B6B7-457F-BA11-0E5158F0B0D0}.Release|Any CPU.ActiveCfg = Release|Any CPU
		{93AF44C7-B6B7-457F-BA11-0E5158F0B0D0}.Release|Any CPU.Build.0 = Release|Any CPU
		{B7BFBAA2-E898-43F8-8F19-4173386A9701}.Debug|Any CPU.ActiveCfg = Debug|Any CPU
		{B7BFBAA2-E898-43F8-8F19-4173386A9701}.Debug|Any CPU.Build.0 = Debug|Any CPU
		{B7BFBAA2-E898-43F8-8F19-4173386A9701}.Release|Any CPU.ActiveCfg = Release|Any CPU
		{B7BFBAA2-E898-43F8-8F19-4173386A9701}.Release|Any CPU.Build.0 = Release|Any CPU
	EndGlobalSection
	GlobalSection(SolutionProperties) = preSolution
		HideSolutionNode = FALSE
	EndGlobalSection
	GlobalSection(ExtensibilityGlobals) = postSolution
		SolutionGuid = {7B28043C-8234-4982-9C76-5F85F8711668}
	EndGlobalSection
EndGlobal
